
Microsoft Visual Studio Solution File, Format Version 12.00
# Visual Studio Version 17
VisualStudioVersion = 17.3.32901.215
MinimumVisualStudioVersion = 10.0.40219.1
Project("{FAE04EC0-301F-11D3-BF4B-00C04F79EFBC}") = "Alvz.PostIt", "Alvz.PostIt\Alvz.PostIt.csproj", "{85163759-0BDF-43C3-8B9C-D9C755BFA972}"
EndProject
Global
	GlobalSection(SolutionConfigurationPlatforms) = preSolution
		Debug|Any CPU = Debug|Any CPU
		Release|Any CPU = Release|Any CPU
	EndGlobalSection
	GlobalSection(ProjectConfigurationPlatforms) = postSolution
		{85163759-0BDF-43C3-8B9C-D9C755BFA972}.Debug|Any CPU.ActiveCfg = Debug|Any CPU
		{85163759-0BDF-43C3-8B9C-D9C755BFA972}.Debug|Any CPU.Build.0 = Debug|Any CPU
		{85163759-0BDF-43C3-8B9C-D9C755BFA972}.Release|Any CPU.ActiveCfg = Release|Any CPU
		{85163759-0BDF-43C3-8B9C-D9C755BFA972}.Release|Any CPU.Build.0 = Release|Any CPU
	EndGlobalSection
	GlobalSection(SolutionProperties) = preSolution
		HideSolutionNode = FALSE
	EndGlobalSection
	GlobalSection(ExtensibilityGlobals) = postSolution
		SolutionGuid = {D21280F6-E336-4FE9-B7A2-7A88812561B2}
	EndGlobalSection
EndGlobal
